
Microsoft Visual Studio Solution File, Format Version 12.00
# Visual Studio 15
VisualStudioVersion = 15.0.28010.2026
MinimumVisualStudioVersion = 10.0.40219.1
Project("{FAE04EC0-301F-11D3-BF4B-00C04F79EFBC}") = "Sales.Android", "Sales\Sales.Android\Sales.Android.csproj", "{B560D0C9-D952-4209-8D61-46C441FA698D}"
EndProject
Project("{FAE04EC0-301F-11D3-BF4B-00C04F79EFBC}") = "Sales.iOS", "Sales\Sales.iOS\Sales.iOS.csproj", "{82CA8A97-C3EF-4C12-9F57-63D2A3DFD253}"
EndProject
Project("{FAE04EC0-301F-11D3-BF4B-00C04F79EFBC}") = "Sales.UWP", "Sales\Sales.UWP\Sales.UWP.csproj", "{4D20B265-3F51-4F0D-A76D-23CD7BB672FA}"
EndProject
Project("{FAE04EC0-301F-11D3-BF4B-00C04F79EFBC}") = "Sales", "Sales\Sales\Sales.csproj", "{85AC8EA2-3C5B-447A-9C5C-E48855D104C4}"
EndProject
Project("{FAE04EC0-301F-11D3-BF4B-00C04F79EFBC}") = "Sales.Backend", "Sales.Backend\Sales.Backend.csproj", "{F757CF16-A050-4561-AB1C-0DE444608426}"
EndProject
Project("{FAE04EC0-301F-11D3-BF4B-00C04F79EFBC}") = "Sales.Api", "Sales.Api\Sales.Api.csproj", "{6B2A6285-CD65-4348-9BE6-F3A1EE22D0C7}"
EndProject
Project("{FAE04EC0-301F-11D3-BF4B-00C04F79EFBC}") = "Sales.Api.Tests", "Sales.Api.Tests\Sales.Api.Tests.csproj", "{500676BC-5F97-4DA6-AFCC-61EDB289A473}"
EndProject
Project("{FAE04EC0-301F-11D3-BF4B-00C04F79EFBC}") = "Sales.Domain", "Sales.Domain\Sales.Domain.csproj", "{BA387016-738E-43D7-AE6F-F63CEB637060}"
EndProject
Project("{FAE04EC0-301F-11D3-BF4B-00C04F79EFBC}") = "Sales.Common", "Sales.Common\Sales.Common.csproj", "{9E523EFB-E125-4167-B95D-0FAF62AD9EE4}"
EndProject
Global
	GlobalSection(SolutionConfigurationPlatforms) = preSolution
		Ad-Hoc|Any CPU = Ad-Hoc|Any CPU
		Ad-Hoc|ARM = Ad-Hoc|ARM
		Ad-Hoc|iPhone = Ad-Hoc|iPhone
		Ad-Hoc|iPhoneSimulator = Ad-Hoc|iPhoneSimulator
		Ad-Hoc|x64 = Ad-Hoc|x64
		Ad-Hoc|x86 = Ad-Hoc|x86
		AppStore|Any CPU = AppStore|Any CPU
		AppStore|ARM = AppStore|ARM
		AppStore|iPhone = AppStore|iPhone
		AppStore|iPhoneSimulator = AppStore|iPhoneSimulator
		AppStore|x64 = AppStore|x64
		AppStore|x86 = AppStore|x86
		Debug|Any CPU = Debug|Any CPU
		Debug|ARM = Debug|ARM
		Debug|iPhone = Debug|iPhone
		Debug|iPhoneSimulator = Debug|iPhoneSimulator
		Debug|x64 = Debug|x64
		Debug|x86 = Debug|x86
		Release|Any CPU = Release|Any CPU
		Release|ARM = Release|ARM
		Release|iPhone = Release|iPhone
		Release|iPhoneSimulator = Release|iPhoneSimulator
		Release|x64 = Release|x64
		Release|x86 = Release|x86
	EndGlobalSection
	GlobalSection(ProjectConfigurationPlatforms) = postSolution
		{B560D0C9-D952-4209-8D61-46C441FA698D}.Ad-Hoc|Any CPU.ActiveCfg = Release|Any CPU
		{B560D0C9-D952-4209-8D61-46C441FA698D}.Ad-Hoc|Any CPU.Build.0 = Release|Any CPU
		{B560D0C9-D952-4209-8D61-46C441FA698D}.Ad-Hoc|Any CPU.Deploy.0 = Release|Any CPU
		{B560D0C9-D952-4209-8D61-46C441FA698D}.Ad-Hoc|ARM.ActiveCfg = Release|Any CPU
		{B560D0C9-D952-4209-8D61-46C441FA698D}.Ad-Hoc|ARM.Build.0 = Release|Any CPU
		{B560D0C9-D952-4209-8D61-46C441FA698D}.Ad-Hoc|ARM.Deploy.0 = Release|Any CPU
		{B560D0C9-D952-4209-8D61-46C441FA698D}.Ad-Hoc|iPhone.ActiveCfg = Release|Any CPU
		{B560D0C9-D952-4209-8D61-46C441FA698D}.Ad-Hoc|iPhone.Build.0 = Release|Any CPU
		{B560D0C9-D952-4209-8D61-46C441FA698D}.Ad-Hoc|iPhone.Deploy.0 = Release|Any CPU
		{B560D0C9-D952-4209-8D61-46C441FA698D}.Ad-Hoc|iPhoneSimulator.ActiveCfg = Release|Any CPU
		{B560D0C9-D952-4209-8D61-46C441FA698D}.Ad-Hoc|iPhoneSimulator.Build.0 = Release|Any CPU
		{B560D0C9-D952-4209-8D61-46C441FA698D}.Ad-Hoc|iPhoneSimulator.Deploy.0 = Release|Any CPU
		{B560D0C9-D952-4209-8D61-46C441FA698D}.Ad-Hoc|x64.ActiveCfg = Release|Any CPU
		{B560D0C9-D952-4209-8D61-46C441FA698D}.Ad-Hoc|x64.Build.0 = Release|Any CPU
		{B560D0C9-D952-4209-8D61-46C441FA698D}.Ad-Hoc|x64.Deploy.0 = Release|Any CPU
		{B560D0C9-D952-4209-8D61-46C441FA698D}.Ad-Hoc|x86.ActiveCfg = Release|Any CPU
		{B560D0C9-D952-4209-8D61-46C441FA698D}.Ad-Hoc|x86.Build.0 = Release|Any CPU
		{B560D0C9-D952-4209-8D61-46C441FA698D}.Ad-Hoc|x86.Deploy.0 = Release|Any CPU
		{B560D0C9-D952-4209-8D61-46C441FA698D}.AppStore|Any CPU.ActiveCfg = Release|Any CPU
		{B560D0C9-D952-4209-8D61-46C441FA698D}.AppStore|Any CPU.Build.0 = Release|Any CPU
		{B560D0C9-D952-4209-8D61-46C441FA698D}.AppStore|Any CPU.Deploy.0 = Release|Any CPU
		{B560D0C9-D952-4209-8D61-46C441FA698D}.AppStore|ARM.ActiveCfg = Release|Any CPU
		{B560D0C9-D952-4209-8D61-46C441FA698D}.AppStore|ARM.Build.0 = Release|Any CPU
		{B560D0C9-D952-4209-8D61-46C441FA698D}.AppStore|ARM.Deploy.0 = Release|Any CPU
		{B560D0C9-D952-4209-8D61-46C441FA698D}.AppStore|iPhone.ActiveCfg = Release|Any CPU
		{B560D0C9-D952-4209-8D61-46C441FA698D}.AppStore|iPhone.Build.0 = Release|Any CPU
		{B560D0C9-D952-4209-8D61-46C441FA698D}.AppStore|iPhone.Deploy.0 = Release|Any CPU
		{B560D0C9-D952-4209-8D61-46C441FA698D}.AppStore|iPhoneSimulator.ActiveCfg = Release|Any CPU
		{B560D0C9-D952-4209-8D61-46C441FA698D}.AppStore|iPhoneSimulator.Build.0 = Release|Any CPU
		{B560D0C9-D952-4209-8D61-46C441FA698D}.AppStore|iPhoneSimulator.Deploy.0 = Release|Any CPU
		{B560D0C9-D952-4209-8D61-46C441FA698D}.AppStore|x64.ActiveCfg = Release|Any CPU
		{B560D0C9-D952-4209-8D61-46C441FA698D}.AppStore|x64.Build.0 = Release|Any CPU
		{B560D0C9-D952-4209-8D61-46C441FA698D}.AppStore|x64.Deploy.0 = Release|Any CPU
		{B560D0C9-D952-4209-8D61-46C441FA698D}.AppStore|x86.ActiveCfg = Release|Any CPU
		{B560D0C9-D952-4209-8D61-46C441FA698D}.AppStore|x86.Build.0 = Release|Any CPU
		{B560D0C9-D952-4209-8D61-46C441FA698D}.AppStore|x86.Deploy.0 = Release|Any CPU
		{B560D0C9-D952-4209-8D61-46C441FA698D}.Debug|Any CPU.ActiveCfg = Debug|Any CPU
		{B560D0C9-D952-4209-8D61-46C441FA698D}.Debug|Any CPU.Build.0 = Debug|Any CPU
		{B560D0C9-D952-4209-8D61-46C441FA698D}.Debug|Any CPU.Deploy.0 = Debug|Any CPU
		{B560D0C9-D952-4209-8D61-46C441FA698D}.Debug|ARM.ActiveCfg = Debug|Any CPU
		{B560D0C9-D952-4209-8D61-46C441FA698D}.Debug|ARM.Build.0 = Debug|Any CPU
		{B560D0C9-D952-4209-8D61-46C441FA698D}.Debug|ARM.Deploy.0 = Debug|Any CPU
		{B560D0C9-D952-4209-8D61-46C441FA698D}.Debug|iPhone.ActiveCfg = Debug|Any CPU
		{B560D0C9-D952-4209-8D61-46C441FA698D}.Debug|iPhone.Build.0 = Debug|Any CPU
		{B560D0C9-D952-4209-8D61-46C441FA698D}.Debug|iPhone.Deploy.0 = Debug|Any CPU
		{B560D0C9-D952-4209-8D61-46C441FA698D}.Debug|iPhoneSimulator.ActiveCfg = Debug|Any CPU
		{B560D0C9-D952-4209-8D61-46C441FA698D}.Debug|iPhoneSimulator.Build.0 = Debug|Any CPU
		{B560D0C9-D952-4209-8D61-46C441FA698D}.Debug|iPhoneSimulator.Deploy.0 = Debug|Any CPU
		{B560D0C9-D952-4209-8D61-46C441FA698D}.Debug|x64.ActiveCfg = Debug|Any CPU
		{B560D0C9-D952-4209-8D61-46C441FA698D}.Debug|x64.Build.0 = Debug|Any CPU
		{B560D0C9-D952-4209-8D61-46C441FA698D}.Debug|x64.Deploy.0 = Debug|Any CPU
		{B560D0C9-D952-4209-8D61-46C441FA698D}.Debug|x86.ActiveCfg = Debug|Any CPU
		{B560D0C9-D952-4209-8D61-46C441FA698D}.Debug|x86.Build.0 = Debug|Any CPU
		{B560D0C9-D952-4209-8D61-46C441FA698D}.Debug|x86.Deploy.0 = Debug|Any CPU
		{B560D0C9-D952-4209-8D61-46C441FA698D}.Release|Any CPU.ActiveCfg = Release|Any CPU
		{B560D0C9-D952-4209-8D61-46C441FA698D}.Release|Any CPU.Build.0 = Release|Any CPU
		{B560D0C9-D952-4209-8D61-46C441FA698D}.Release|Any CPU.Deploy.0 = Release|Any CPU
		{B560D0C9-D952-4209-8D61-46C441FA698D}.Release|ARM.ActiveCfg = Release|Any CPU
		{B560D0C9-D952-4209-8D61-46C441FA698D}.Release|ARM.Build.0 = Release|Any CPU
		{B560D0C9-D952-4209-8D61-46C441FA698D}.Release|ARM.Deploy.0 = Release|Any CPU
		{B560D0C9-D952-4209-8D61-46C441FA698D}.Release|iPhone.ActiveCfg = Release|Any CPU
		{B560D0C9-D952-4209-8D61-46C441FA698D}.Release|iPhone.Build.0 = Release|Any CPU
		{B560D0C9-D952-4209-8D61-46C441FA698D}.Release|iPhone.Deploy.0 = Release|Any CPU
		{B560D0C9-D952-4209-8D61-46C441FA698D}.Release|iPhoneSimulator.ActiveCfg = Release|Any CPU
		{B560D0C9-D952-4209-8D61-46C441FA698D}.Release|iPhoneSimulator.Build.0 = Release|Any CPU
		{B560D0C9-D952-4209-8D61-46C441FA698D}.Release|iPhoneSimulator.Deploy.0 = Release|Any CPU
		{B560D0C9-D952-4209-8D61-46C441FA698D}.Release|x64.ActiveCfg = Release|Any CPU
		{B560D0C9-D952-4209-8D61-46C441FA698D}.Release|x64.Build.0 = Release|Any CPU
		{B560D0C9-D952-4209-8D61-46C441FA698D}.Release|x64.Deploy.0 = Release|Any CPU
		{B560D0C9-D952-4209-8D61-46C441FA698D}.Release|x86.ActiveCfg = Release|Any CPU
		{B560D0C9-D952-4209-8D61-46C441FA698D}.Release|x86.Build.0 = Release|Any CPU
		{B560D0C9-D952-4209-8D61-46C441FA698D}.Release|x86.Deploy.0 = Release|Any CPU
		{82CA8A97-C3EF-4C12-9F57-63D2A3DFD253}.Ad-Hoc|Any CPU.ActiveCfg = Ad-Hoc|iPhone
		{82CA8A97-C3EF-4C12-9F57-63D2A3DFD253}.Ad-Hoc|Any CPU.Build.0 = Ad-Hoc|iPhone
		{82CA8A97-C3EF-4C12-9F57-63D2A3DFD253}.Ad-Hoc|Any CPU.Deploy.0 = Ad-Hoc|iPhone
		{82CA8A97-C3EF-4C12-9F57-63D2A3DFD253}.Ad-Hoc|ARM.ActiveCfg = Ad-Hoc|iPhone
		{82CA8A97-C3EF-4C12-9F57-63D2A3DFD253}.Ad-Hoc|ARM.Build.0 = Ad-Hoc|iPhone
		{82CA8A97-C3EF-4C12-9F57-63D2A3DFD253}.Ad-Hoc|ARM.Deploy.0 = Ad-Hoc|iPhone
		{82CA8A97-C3EF-4C12-9F57-63D2A3DFD253}.Ad-Hoc|iPhone.ActiveCfg = Ad-Hoc|iPhone
		{82CA8A97-C3EF-4C12-9F57-63D2A3DFD253}.Ad-Hoc|iPhone.Build.0 = Ad-Hoc|iPhone
		{82CA8A97-C3EF-4C12-9F57-63D2A3DFD253}.Ad-Hoc|iPhone.Deploy.0 = Ad-Hoc|iPhone
		{82CA8A97-C3EF-4C12-9F57-63D2A3DFD253}.Ad-Hoc|iPhoneSimulator.ActiveCfg = Ad-Hoc|iPhoneSimulator
		{82CA8A97-C3EF-4C12-9F57-63D2A3DFD253}.Ad-Hoc|iPhoneSimulator.Build.0 = Ad-Hoc|iPhoneSimulator
		{82CA8A97-C3EF-4C12-9F57-63D2A3DFD253}.Ad-Hoc|iPhoneSimulator.Deploy.0 = Ad-Hoc|iPhoneSimulator
		{82CA8A97-C3EF-4C12-9F57-63D2A3DFD253}.Ad-Hoc|x64.ActiveCfg = Ad-Hoc|iPhone
		{82CA8A97-C3EF-4C12-9F57-63D2A3DFD253}.Ad-Hoc|x64.Build.0 = Ad-Hoc|iPhone
		{82CA8A97-C3EF-4C12-9F57-63D2A3DFD253}.Ad-Hoc|x64.Deploy.0 = Ad-Hoc|iPhone
		{82CA8A97-C3EF-4C12-9F57-63D2A3DFD253}.Ad-Hoc|x86.ActiveCfg = Ad-Hoc|iPhone
		{82CA8A97-C3EF-4C12-9F57-63D2A3DFD253}.Ad-Hoc|x86.Build.0 = Ad-Hoc|iPhone
		{82CA8A97-C3EF-4C12-9F57-63D2A3DFD253}.Ad-Hoc|x86.Deploy.0 = Ad-Hoc|iPhone
		{82CA8A97-C3EF-4C12-9F57-63D2A3DFD253}.AppStore|Any CPU.ActiveCfg = AppStore|iPhone
		{82CA8A97-C3EF-4C12-9F57-63D2A3DFD253}.AppStore|Any CPU.Build.0 = AppStore|iPhone
		{82CA8A97-C3EF-4C12-9F57-63D2A3DFD253}.AppStore|Any CPU.Deploy.0 = AppStore|iPhone
		{82CA8A97-C3EF-4C12-9F57-63D2A3DFD253}.AppStore|ARM.ActiveCfg = AppStore|iPhone
		{82CA8A97-C3EF-4C12-9F57-63D2A3DFD253}.AppStore|ARM.Build.0 = AppStore|iPhone
		{82CA8A97-C3EF-4C12-9F57-63D2A3DFD253}.AppStore|ARM.Deploy.0 = AppStore|iPhone
		{82CA8A97-C3EF-4C12-9F57-63D2A3DFD253}.AppStore|iPhone.ActiveCfg = AppStore|iPhone
		{82CA8A97-C3EF-4C12-9F57-63D2A3DFD253}.AppStore|iPhone.Build.0 = AppStore|iPhone
		{82CA8A97-C3EF-4C12-9F57-63D2A3DFD253}.AppStore|iPhone.Deploy.0 = AppStore|iPhone
		{82CA8A97-C3EF-4C12-9F57-63D2A3DFD253}.AppStore|iPhoneSimulator.ActiveCfg = AppStore|iPhoneSimulator
		{82CA8A97-C3EF-4C12-9F57-63D2A3DFD253}.AppStore|iPhoneSimulator.Build.0 = AppStore|iPhoneSimulator
		{82CA8A97-C3EF-4C12-9F57-63D2A3DFD253}.AppStore|iPhoneSimulator.Deploy.0 = AppStore|iPhoneSimulator
		{82CA8A97-C3EF-4C12-9F57-63D2A3DFD253}.AppStore|x64.ActiveCfg = AppStore|iPhone
		{82CA8A97-C3EF-4C12-9F57-63D2A3DFD253}.AppStore|x64.Build.0 = AppStore|iPhone
		{82CA8A97-C3EF-4C12-9F57-63D2A3DFD253}.AppStore|x64.Deploy.0 = AppStore|iPhone
		{82CA8A97-C3EF-4C12-9F57-63D2A3DFD253}.AppStore|x86.ActiveCfg = AppStore|iPhone
		{82CA8A97-C3EF-4C12-9F57-63D2A3DFD253}.AppStore|x86.Build.0 = AppStore|iPhone
		{82CA8A97-C3EF-4C12-9F57-63D2A3DFD253}.AppStore|x86.Deploy.0 = AppStore|iPhone
		{82CA8A97-C3EF-4C12-9F57-63D2A3DFD253}.Debug|Any CPU.ActiveCfg = Debug|iPhoneSimulator
		{82CA8A97-C3EF-4C12-9F57-63D2A3DFD253}.Debug|Any CPU.Build.0 = Debug|iPhoneSimulator
		{82CA8A97-C3EF-4C12-9F57-63D2A3DFD253}.Debug|Any CPU.Deploy.0 = Debug|iPhoneSimulator
		{82CA8A97-C3EF-4C12-9F57-63D2A3DFD253}.Debug|ARM.ActiveCfg = Debug|iPhone
		{82CA8A97-C3EF-4C12-9F57-63D2A3DFD253}.Debug|ARM.Build.0 = Debug|iPhone
		{82CA8A97-C3EF-4C12-9F57-63D2A3DFD253}.Debug|ARM.Deploy.0 = Debug|iPhone
		{82CA8A97-C3EF-4C12-9F57-63D2A3DFD253}.Debug|iPhone.ActiveCfg = Debug|iPhone
		{82CA8A97-C3EF-4C12-9F57-63D2A3DFD253}.Debug|iPhone.Build.0 = Debug|iPhone
		{82CA8A97-C3EF-4C12-9F57-63D2A3DFD253}.Debug|iPhone.Deploy.0 = Debug|iPhone
		{82CA8A97-C3EF-4C12-9F57-63D2A3DFD253}.Debug|iPhoneSimulator.ActiveCfg = Debug|iPhoneSimulator
		{82CA8A97-C3EF-4C12-9F57-63D2A3DFD253}.Debug|iPhoneSimulator.Build.0 = Debug|iPhoneSimulator
		{82CA8A97-C3EF-4C12-9F57-63D2A3DFD253}.Debug|iPhoneSimulator.Deploy.0 = Debug|iPhoneSimulator
		{82CA8A97-C3EF-4C12-9F57-63D2A3DFD253}.Debug|x64.ActiveCfg = Debug|iPhone
		{82CA8A97-C3EF-4C12-9F57-63D2A3DFD253}.Debug|x64.Build.0 = Debug|iPhone
		{82CA8A97-C3EF-4C12-9F57-63D2A3DFD253}.Debug|x64.Deploy.0 = Debug|iPhone
		{82CA8A97-C3EF-4C12-9F57-63D2A3DFD253}.Debug|x86.ActiveCfg = Debug|iPhone
		{82CA8A97-C3EF-4C12-9F57-63D2A3DFD253}.Debug|x86.Build.0 = Debug|iPhone
		{82CA8A97-C3EF-4C12-9F57-63D2A3DFD253}.Debug|x86.Deploy.0 = Debug|iPhone
		{82CA8A97-C3EF-4C12-9F57-63D2A3DFD253}.Release|Any CPU.ActiveCfg = Release|iPhone
		{82CA8A97-C3EF-4C12-9F57-63D2A3DFD253}.Release|Any CPU.Build.0 = Release|iPhone
		{82CA8A97-C3EF-4C12-9F57-63D2A3DFD253}.Release|Any CPU.Deploy.0 = Release|iPhone
		{82CA8A97-C3EF-4C12-9F57-63D2A3DFD253}.Release|ARM.ActiveCfg = Release|iPhone
		{82CA8A97-C3EF-4C12-9F57-63D2A3DFD253}.Release|ARM.Build.0 = Release|iPhone
		{82CA8A97-C3EF-4C12-9F57-63D2A3DFD253}.Release|ARM.Deploy.0 = Release|iPhone
		{82CA8A97-C3EF-4C12-9F57-63D2A3DFD253}.Release|iPhone.ActiveCfg = Release|iPhone
		{82CA8A97-C3EF-4C12-9F57-63D2A3DFD253}.Release|iPhone.Build.0 = Release|iPhone
		{82CA8A97-C3EF-4C12-9F57-63D2A3DFD253}.Release|iPhone.Deploy.0 = Release|iPhone
		{82CA8A97-C3EF-4C12-9F57-63D2A3DFD253}.Release|iPhoneSimulator.ActiveCfg = Release|iPhoneSimulator
		{82CA8A97-C3EF-4C12-9F57-63D2A3DFD253}.Release|iPhoneSimulator.Build.0 = Release|iPhoneSimulator
		{82CA8A97-C3EF-4C12-9F57-63D2A3DFD253}.Release|iPhoneSimulator.Deploy.0 = Release|iPhoneSimulator
		{82CA8A97-C3EF-4C12-9F57-63D2A3DFD253}.Release|x64.ActiveCfg = Release|iPhone
		{82CA8A97-C3EF-4C12-9F57-63D2A3DFD253}.Release|x64.Build.0 = Release|iPhone
		{82CA8A97-C3EF-4C12-9F57-63D2A3DFD253}.Release|x64.Deploy.0 = Release|iPhone
		{82CA8A97-C3EF-4C12-9F57-63D2A3DFD253}.Release|x86.ActiveCfg = Release|iPhone
		{82CA8A97-C3EF-4C12-9F57-63D2A3DFD253}.Release|x86.Build.0 = Release|iPhone
		{82CA8A97-C3EF-4C12-9F57-63D2A3DFD253}.Release|x86.Deploy.0 = Release|iPhone
		{4D20B265-3F51-4F0D-A76D-23CD7BB672FA}.Ad-Hoc|Any CPU.ActiveCfg = Release|x86
		{4D20B265-3F51-4F0D-A76D-23CD7BB672FA}.Ad-Hoc|Any CPU.Build.0 = Release|x86
		{4D20B265-3F51-4F0D-A76D-23CD7BB672FA}.Ad-Hoc|Any CPU.Deploy.0 = Release|x86
		{4D20B265-3F51-4F0D-A76D-23CD7BB672FA}.Ad-Hoc|ARM.ActiveCfg = Release|ARM
		{4D20B265-3F51-4F0D-A76D-23CD7BB672FA}.Ad-Hoc|ARM.Build.0 = Release|ARM
		{4D20B265-3F51-4F0D-A76D-23CD7BB672FA}.Ad-Hoc|ARM.Deploy.0 = Release|ARM
		{4D20B265-3F51-4F0D-A76D-23CD7BB672FA}.Ad-Hoc|iPhone.ActiveCfg = Release|x86
		{4D20B265-3F51-4F0D-A76D-23CD7BB672FA}.Ad-Hoc|iPhone.Build.0 = Release|x86
		{4D20B265-3F51-4F0D-A76D-23CD7BB672FA}.Ad-Hoc|iPhone.Deploy.0 = Release|x86
		{4D20B265-3F51-4F0D-A76D-23CD7BB672FA}.Ad-Hoc|iPhoneSimulator.ActiveCfg = Release|x86
		{4D20B265-3F51-4F0D-A76D-23CD7BB672FA}.Ad-Hoc|iPhoneSimulator.Build.0 = Release|x86
		{4D20B265-3F51-4F0D-A76D-23CD7BB672FA}.Ad-Hoc|iPhoneSimulator.Deploy.0 = Release|x86
		{4D20B265-3F51-4F0D-A76D-23CD7BB672FA}.Ad-Hoc|x64.ActiveCfg = Release|x64
		{4D20B265-3F51-4F0D-A76D-23CD7BB672FA}.Ad-Hoc|x64.Build.0 = Release|x64
		{4D20B265-3F51-4F0D-A76D-23CD7BB672FA}.Ad-Hoc|x64.Deploy.0 = Release|x64
		{4D20B265-3F51-4F0D-A76D-23CD7BB672FA}.Ad-Hoc|x86.ActiveCfg = Release|x86
		{4D20B265-3F51-4F0D-A76D-23CD7BB672FA}.Ad-Hoc|x86.Build.0 = Release|x86
		{4D20B265-3F51-4F0D-A76D-23CD7BB672FA}.Ad-Hoc|x86.Deploy.0 = Release|x86
		{4D20B265-3F51-4F0D-A76D-23CD7BB672FA}.AppStore|Any CPU.ActiveCfg = Release|x86
		{4D20B265-3F51-4F0D-A76D-23CD7BB672FA}.AppStore|Any CPU.Build.0 = Release|x86
		{4D20B265-3F51-4F0D-A76D-23CD7BB672FA}.AppStore|Any CPU.Deploy.0 = Release|x86
		{4D20B265-3F51-4F0D-A76D-23CD7BB672FA}.AppStore|ARM.ActiveCfg = Release|ARM
		{4D20B265-3F51-4F0D-A76D-23CD7BB672FA}.AppStore|ARM.Build.0 = Release|ARM
		{4D20B265-3F51-4F0D-A76D-23CD7BB672FA}.AppStore|ARM.Deploy.0 = Release|ARM
		{4D20B265-3F51-4F0D-A76D-23CD7BB672FA}.AppStore|iPhone.ActiveCfg = Release|x86
		{4D20B265-3F51-4F0D-A76D-23CD7BB672FA}.AppStore|iPhone.Build.0 = Release|x86
		{4D20B265-3F51-4F0D-A76D-23CD7BB672FA}.AppStore|iPhone.Deploy.0 = Release|x86
		{4D20B265-3F51-4F0D-A76D-23CD7BB672FA}.AppStore|iPhoneSimulator.ActiveCfg = Release|x86
		{4D20B265-3F51-4F0D-A76D-23CD7BB672FA}.AppStore|iPhoneSimulator.Build.0 = Release|x86
		{4D20B265-3F51-4F0D-A76D-23CD7BB672FA}.AppStore|iPhoneSimulator.Deploy.0 = Release|x86
		{4D20B265-3F51-4F0D-A76D-23CD7BB672FA}.AppStore|x64.ActiveCfg = Release|x64
		{4D20B265-3F51-4F0D-A76D-23CD7BB672FA}.AppStore|x64.Build.0 = Release|x64
		{4D20B265-3F51-4F0D-A76D-23CD7BB672FA}.AppStore|x64.Deploy.0 = Release|x64
		{4D20B265-3F51-4F0D-A76D-23CD7BB672FA}.AppStore|x86.ActiveCfg = Release|x86
		{4D20B265-3F51-4F0D-A76D-23CD7BB672FA}.AppStore|x86.Build.0 = Release|x86
		{4D20B265-3F51-4F0D-A76D-23CD7BB672FA}.AppStore|x86.Deploy.0 = Release|x86
		{4D20B265-3F51-4F0D-A76D-23CD7BB672FA}.Debug|Any CPU.ActiveCfg = Debug|x86
		{4D20B265-3F51-4F0D-A76D-23CD7BB672FA}.Debug|Any CPU.Build.0 = Debug|x86
		{4D20B265-3F51-4F0D-A76D-23CD7BB672FA}.Debug|Any CPU.Deploy.0 = Debug|x86
		{4D20B265-3F51-4F0D-A76D-23CD7BB672FA}.Debug|ARM.ActiveCfg = Debug|ARM
		{4D20B265-3F51-4F0D-A76D-23CD7BB672FA}.Debug|ARM.Build.0 = Debug|ARM
		{4D20B265-3F51-4F0D-A76D-23CD7BB672FA}.Debug|ARM.Deploy.0 = Debug|ARM
		{4D20B265-3F51-4F0D-A76D-23CD7BB672FA}.Debug|iPhone.ActiveCfg = Debug|x86
		{4D20B265-3F51-4F0D-A76D-23CD7BB672FA}.Debug|iPhone.Build.0 = Debug|x86
		{4D20B265-3F51-4F0D-A76D-23CD7BB672FA}.Debug|iPhone.Deploy.0 = Debug|x86
		{4D20B265-3F51-4F0D-A76D-23CD7BB672FA}.Debug|iPhoneSimulator.ActiveCfg = Debug|x86
		{4D20B265-3F51-4F0D-A76D-23CD7BB672FA}.Debug|iPhoneSimulator.Build.0 = Debug|x86
		{4D20B265-3F51-4F0D-A76D-23CD7BB672FA}.Debug|iPhoneSimulator.Deploy.0 = Debug|x86
		{4D20B265-3F51-4F0D-A76D-23CD7BB672FA}.Debug|x64.ActiveCfg = Debug|x64
		{4D20B265-3F51-4F0D-A76D-23CD7BB672FA}.Debug|x64.Build.0 = Debug|x64
		{4D20B265-3F51-4F0D-A76D-23CD7BB672FA}.Debug|x64.Deploy.0 = Debug|x64
		{4D20B265-3F51-4F0D-A76D-23CD7BB672FA}.Debug|x86.ActiveCfg = Debug|x86
		{4D20B265-3F51-4F0D-A76D-23CD7BB672FA}.Debug|x86.Build.0 = Debug|x86
		{4D20B265-3F51-4F0D-A76D-23CD7BB672FA}.Debug|x86.Deploy.0 = Debug|x86
		{4D20B265-3F51-4F0D-A76D-23CD7BB672FA}.Release|Any CPU.ActiveCfg = Release|x86
		{4D20B265-3F51-4F0D-A76D-23CD7BB672FA}.Release|Any CPU.Build.0 = Release|x86
		{4D20B265-3F51-4F0D-A76D-23CD7BB672FA}.Release|Any CPU.Deploy.0 = Release|x86
		{4D20B265-3F51-4F0D-A76D-23CD7BB672FA}.Release|ARM.ActiveCfg = Release|ARM
		{4D20B265-3F51-4F0D-A76D-23CD7BB672FA}.Release|ARM.Build.0 = Release|ARM
		{4D20B265-3F51-4F0D-A76D-23CD7BB672FA}.Release|ARM.Deploy.0 = Release|ARM
		{4D20B265-3F51-4F0D-A76D-23CD7BB672FA}.Release|iPhone.ActiveCfg = Release|x86
		{4D20B265-3F51-4F0D-A76D-23CD7BB672FA}.Release|iPhone.Build.0 = Release|x86
		{4D20B265-3F51-4F0D-A76D-23CD7BB672FA}.Release|iPhone.Deploy.0 = Release|x86
		{4D20B265-3F51-4F0D-A76D-23CD7BB672FA}.Release|iPhoneSimulator.ActiveCfg = Release|x86
		{4D20B265-3F51-4F0D-A76D-23CD7BB672FA}.Release|iPhoneSimulator.Build.0 = Release|x86
		{4D20B265-3F51-4F0D-A76D-23CD7BB672FA}.Release|iPhoneSimulator.Deploy.0 = Release|x86
		{4D20B265-3F51-4F0D-A76D-23CD7BB672FA}.Release|x64.ActiveCfg = Release|x64
		{4D20B265-3F51-4F0D-A76D-23CD7BB672FA}.Release|x64.Build.0 = Release|x64
		{4D20B265-3F51-4F0D-A76D-23CD7BB672FA}.Release|x64.Deploy.0 = Release|x64
		{4D20B265-3F51-4F0D-A76D-23CD7BB672FA}.Release|x86.ActiveCfg = Release|x86
		{4D20B265-3F51-4F0D-A76D-23CD7BB672FA}.Release|x86.Build.0 = Release|x86
		{4D20B265-3F51-4F0D-A76D-23CD7BB672FA}.Release|x86.Deploy.0 = Release|x86
		{85AC8EA2-3C5B-447A-9C5C-E48855D104C4}.Ad-Hoc|Any CPU.ActiveCfg = Debug|Any CPU
		{85AC8EA2-3C5B-447A-9C5C-E48855D104C4}.Ad-Hoc|Any CPU.Build.0 = Debug|Any CPU
		{85AC8EA2-3C5B-447A-9C5C-E48855D104C4}.Ad-Hoc|Any CPU.Deploy.0 = Debug|Any CPU
		{85AC8EA2-3C5B-447A-9C5C-E48855D104C4}.Ad-Hoc|ARM.ActiveCfg = Debug|Any CPU
		{85AC8EA2-3C5B-447A-9C5C-E48855D104C4}.Ad-Hoc|ARM.Build.0 = Debug|Any CPU
		{85AC8EA2-3C5B-447A-9C5C-E48855D104C4}.Ad-Hoc|ARM.Deploy.0 = Debug|Any CPU
		{85AC8EA2-3C5B-447A-9C5C-E48855D104C4}.Ad-Hoc|iPhone.ActiveCfg = Debug|Any CPU
		{85AC8EA2-3C5B-447A-9C5C-E48855D104C4}.Ad-Hoc|iPhone.Build.0 = Debug|Any CPU
		{85AC8EA2-3C5B-447A-9C5C-E48855D104C4}.Ad-Hoc|iPhone.Deploy.0 = Debug|Any CPU
		{85AC8EA2-3C5B-447A-9C5C-E48855D104C4}.Ad-Hoc|iPhoneSimulator.ActiveCfg = Debug|Any CPU
		{85AC8EA2-3C5B-447A-9C5C-E48855D104C4}.Ad-Hoc|iPhoneSimulator.Build.0 = Debug|Any CPU
		{85AC8EA2-3C5B-447A-9C5C-E48855D104C4}.Ad-Hoc|iPhoneSimulator.Deploy.0 = Debug|Any CPU
		{85AC8EA2-3C5B-447A-9C5C-E48855D104C4}.Ad-Hoc|x64.ActiveCfg = Debug|Any CPU
		{85AC8EA2-3C5B-447A-9C5C-E48855D104C4}.Ad-Hoc|x64.Build.0 = Debug|Any CPU
		{85AC8EA2-3C5B-447A-9C5C-E48855D104C4}.Ad-Hoc|x64.Deploy.0 = Debug|Any CPU
		{85AC8EA2-3C5B-447A-9C5C-E48855D104C4}.Ad-Hoc|x86.ActiveCfg = Debug|Any CPU
		{85AC8EA2-3C5B-447A-9C5C-E48855D104C4}.Ad-Hoc|x86.Build.0 = Debug|Any CPU
		{85AC8EA2-3C5B-447A-9C5C-E48855D104C4}.Ad-Hoc|x86.Deploy.0 = Debug|Any CPU
		{85AC8EA2-3C5B-447A-9C5C-E48855D104C4}.AppStore|Any CPU.ActiveCfg = Debug|Any CPU
		{85AC8EA2-3C5B-447A-9C5C-E48855D104C4}.AppStore|Any CPU.Build.0 = Debug|Any CPU
		{85AC8EA2-3C5B-447A-9C5C-E48855D104C4}.AppStore|Any CPU.Deploy.0 = Debug|Any CPU
		{85AC8EA2-3C5B-447A-9C5C-E48855D104C4}.AppStore|ARM.ActiveCfg = Debug|Any CPU
		{85AC8EA2-3C5B-447A-9C5C-E48855D104C4}.AppStore|ARM.Build.0 = Debug|Any CPU
		{85AC8EA2-3C5B-447A-9C5C-E48855D104C4}.AppStore|ARM.Deploy.0 = Debug|Any CPU
		{85AC8EA2-3C5B-447A-9C5C-E48855D104C4}.AppStore|iPhone.ActiveCfg = Debug|Any CPU
		{85AC8EA2-3C5B-447A-9C5C-E48855D104C4}.AppStore|iPhone.Build.0 = Debug|Any CPU
		{85AC8EA2-3C5B-447A-9C5C-E48855D104C4}.AppStore|iPhone.Deploy.0 = Debug|Any CPU
		{85AC8EA2-3C5B-447A-9C5C-E48855D104C4}.AppStore|iPhoneSimulator.ActiveCfg = Debug|Any CPU
		{85AC8EA2-3C5B-447A-9C5C-E48855D104C4}.AppStore|iPhoneSimulator.Build.0 = Debug|Any CPU
		{85AC8EA2-3C5B-447A-9C5C-E48855D104C4}.AppStore|iPhoneSimulator.Deploy.0 = Debug|Any CPU
		{85AC8EA2-3C5B-447A-9C5C-E48855D104C4}.AppStore|x64.ActiveCfg = Debug|Any CPU
		{85AC8EA2-3C5B-447A-9C5C-E48855D104C4}.AppStore|x64.Build.0 = Debug|Any CPU
		{85AC8EA2-3C5B-447A-9C5C-E48855D104C4}.AppStore|x64.Deploy.0 = Debug|Any CPU
		{85AC8EA2-3C5B-447A-9C5C-E48855D104C4}.AppStore|x86.ActiveCfg = Debug|Any CPU
		{85AC8EA2-3C5B-447A-9C5C-E48855D104C4}.AppStore|x86.Build.0 = Debug|Any CPU
		{85AC8EA2-3C5B-447A-9C5C-E48855D104C4}.AppStore|x86.Deploy.0 = Debug|Any CPU
		{85AC8EA2-3C5B-447A-9C5C-E48855D104C4}.Debug|Any CPU.ActiveCfg = Debug|Any CPU
		{85AC8EA2-3C5B-447A-9C5C-E48855D104C4}.Debug|Any CPU.Build.0 = Debug|Any CPU
		{85AC8EA2-3C5B-447A-9C5C-E48855D104C4}.Debug|Any CPU.Deploy.0 = Debug|Any CPU
		{85AC8EA2-3C5B-447A-9C5C-E48855D104C4}.Debug|ARM.ActiveCfg = Debug|Any CPU
		{85AC8EA2-3C5B-447A-9C5C-E48855D104C4}.Debug|ARM.Build.0 = Debug|Any CPU
		{85AC8EA2-3C5B-447A-9C5C-E48855D104C4}.Debug|ARM.Deploy.0 = Debug|Any CPU
		{85AC8EA2-3C5B-447A-9C5C-E48855D104C4}.Debug|iPhone.ActiveCfg = Debug|Any CPU
		{85AC8EA2-3C5B-447A-9C5C-E48855D104C4}.Debug|iPhone.Build.0 = Debug|Any CPU
		{85AC8EA2-3C5B-447A-9C5C-E48855D104C4}.Debug|iPhone.Deploy.0 = Debug|Any CPU
		{85AC8EA2-3C5B-447A-9C5C-E48855D104C4}.Debug|iPhoneSimulator.ActiveCfg = Debug|Any CPU
		{85AC8EA2-3C5B-447A-9C5C-E48855D104C4}.Debug|iPhoneSimulator.Build.0 = Debug|Any CPU
		{85AC8EA2-3C5B-447A-9C5C-E48855D104C4}.Debug|iPhoneSimulator.Deploy.0 = Debug|Any CPU
		{85AC8EA2-3C5B-447A-9C5C-E48855D104C4}.Debug|x64.ActiveCfg = Debug|Any CPU
		{85AC8EA2-3C5B-447A-9C5C-E48855D104C4}.Debug|x64.Build.0 = Debug|Any CPU
		{85AC8EA2-3C5B-447A-9C5C-E48855D104C4}.Debug|x64.Deploy.0 = Debug|Any CPU
		{85AC8EA2-3C5B-447A-9C5C-E48855D104C4}.Debug|x86.ActiveCfg = Debug|Any CPU
		{85AC8EA2-3C5B-447A-9C5C-E48855D104C4}.Debug|x86.Build.0 = Debug|Any CPU
		{85AC8EA2-3C5B-447A-9C5C-E48855D104C4}.Debug|x86.Deploy.0 = Debug|Any CPU
		{85AC8EA2-3C5B-447A-9C5C-E48855D104C4}.Release|Any CPU.ActiveCfg = Release|Any CPU
		{85AC8EA2-3C5B-447A-9C5C-E48855D104C4}.Release|Any CPU.Build.0 = Release|Any CPU
		{85AC8EA2-3C5B-447A-9C5C-E48855D104C4}.Release|Any CPU.Deploy.0 = Release|Any CPU
		{85AC8EA2-3C5B-447A-9C5C-E48855D104C4}.Release|ARM.ActiveCfg = Release|Any CPU
		{85AC8EA2-3C5B-447A-9C5C-E48855D104C4}.Release|ARM.Build.0 = Release|Any CPU
		{85AC8EA2-3C5B-447A-9C5C-E48855D104C4}.Release|ARM.Deploy.0 = Release|Any CPU
		{85AC8EA2-3C5B-447A-9C5C-E48855D104C4}.Release|iPhone.ActiveCfg = Release|Any CPU
		{85AC8EA2-3C5B-447A-9C5C-E48855D104C4}.Release|iPhone.Build.0 = Release|Any CPU
		{85AC8EA2-3C5B-447A-9C5C-E48855D104C4}.Release|iPhone.Deploy.0 = Release|Any CPU
		{85AC8EA2-3C5B-447A-9C5C-E48855D104C4}.Release|iPhoneSimulator.ActiveCfg = Release|Any CPU
		{85AC8EA2-3C5B-447A-9C5C-E48855D104C4}.Release|iPhoneSimulator.Build.0 = Release|Any CPU
		{85AC8EA2-3C5B-447A-9C5C-E48855D104C4}.Release|iPhoneSimulator.Deploy.0 = Release|Any CPU
		{85AC8EA2-3C5B-447A-9C5C-E48855D104C4}.Release|x64.ActiveCfg = Release|Any CPU
		{85AC8EA2-3C5B-447A-9C5C-E48855D104C4}.Release|x64.Build.0 = Release|Any CPU
		{85AC8EA2-3C5B-447A-9C5C-E48855D104C4}.Release|x64.Deploy.0 = Release|Any CPU
		{85AC8EA2-3C5B-447A-9C5C-E48855D104C4}.Release|x86.ActiveCfg = Release|Any CPU
		{85AC8EA2-3C5B-447A-9C5C-E48855D104C4}.Release|x86.Build.0 = Release|Any CPU
		{85AC8EA2-3C5B-447A-9C5C-E48855D104C4}.Release|x86.Deploy.0 = Release|Any CPU
		{F757CF16-A050-4561-AB1C-0DE444608426}.Ad-Hoc|Any CPU.ActiveCfg = Release|Any CPU
		{F757CF16-A050-4561-AB1C-0DE444608426}.Ad-Hoc|Any CPU.Build.0 = Release|Any CPU
		{F757CF16-A050-4561-AB1C-0DE444608426}.Ad-Hoc|ARM.ActiveCfg = Release|Any CPU
		{F757CF16-A050-4561-AB1C-0DE444608426}.Ad-Hoc|ARM.Build.0 = Release|Any CPU
		{F757CF16-A050-4561-AB1C-0DE444608426}.Ad-Hoc|iPhone.ActiveCfg = Release|Any CPU
		{F757CF16-A050-4561-AB1C-0DE444608426}.Ad-Hoc|iPhone.Build.0 = Release|Any CPU
		{F757CF16-A050-4561-AB1C-0DE444608426}.Ad-Hoc|iPhoneSimulator.ActiveCfg = Release|Any CPU
		{F757CF16-A050-4561-AB1C-0DE444608426}.Ad-Hoc|iPhoneSimulator.Build.0 = Release|Any CPU
		{F757CF16-A050-4561-AB1C-0DE444608426}.Ad-Hoc|x64.ActiveCfg = Release|Any CPU
		{F757CF16-A050-4561-AB1C-0DE444608426}.Ad-Hoc|x64.Build.0 = Release|Any CPU
		{F757CF16-A050-4561-AB1C-0DE444608426}.Ad-Hoc|x86.ActiveCfg = Release|Any CPU
		{F757CF16-A050-4561-AB1C-0DE444608426}.Ad-Hoc|x86.Build.0 = Release|Any CPU
		{F757CF16-A050-4561-AB1C-0DE444608426}.AppStore|Any CPU.ActiveCfg = Release|Any CPU
		{F757CF16-A050-4561-AB1C-0DE444608426}.AppStore|Any CPU.Build.0 = Release|Any CPU
		{F757CF16-A050-4561-AB1C-0DE444608426}.AppStore|ARM.ActiveCfg = Release|Any CPU
		{F757CF16-A050-4561-AB1C-0DE444608426}.AppStore|ARM.Build.0 = Release|Any CPU
		{F757CF16-A050-4561-AB1C-0DE444608426}.AppStore|iPhone.ActiveCfg = Release|Any CPU
		{F757CF16-A050-4561-AB1C-0DE444608426}.AppStore|iPhone.Build.0 = Release|Any CPU
		{F757CF16-A050-4561-AB1C-0DE444608426}.AppStore|iPhoneSimulator.ActiveCfg = Release|Any CPU
		{F757CF16-A050-4561-AB1C-0DE444608426}.AppStore|iPhoneSimulator.Build.0 = Release|Any CPU
		{F757CF16-A050-4561-AB1C-0DE444608426}.AppStore|x64.ActiveCfg = Release|Any CPU
		{F757CF16-A050-4561-AB1C-0DE444608426}.AppStore|x64.Build.0 = Release|Any CPU
		{F757CF16-A050-4561-AB1C-0DE444608426}.AppStore|x86.ActiveCfg = Release|Any CPU
		{F757CF16-A050-4561-AB1C-0DE444608426}.AppStore|x86.Build.0 = Release|Any CPU
		{F757CF16-A050-4561-AB1C-0DE444608426}.Debug|Any CPU.ActiveCfg = Debug|Any CPU
		{F757CF16-A050-4561-AB1C-0DE444608426}.Debug|Any CPU.Build.0 = Debug|Any CPU
		{F757CF16-A050-4561-AB1C-0DE444608426}.Debug|ARM.ActiveCfg = Debug|Any CPU
		{F757CF16-A050-4561-AB1C-0DE444608426}.Debug|ARM.Build.0 = Debug|Any CPU
		{F757CF16-A050-4561-AB1C-0DE444608426}.Debug|iPhone.ActiveCfg = Debug|Any CPU
		{F757CF16-A050-4561-AB1C-0DE444608426}.Debug|iPhone.Build.0 = Debug|Any CPU
		{F757CF16-A050-4561-AB1C-0DE444608426}.Debug|iPhoneSimulator.ActiveCfg = Debug|Any CPU
		{F757CF16-A050-4561-AB1C-0DE444608426}.Debug|iPhoneSimulator.Build.0 = Debug|Any CPU
		{F757CF16-A050-4561-AB1C-0DE444608426}.Debug|x64.ActiveCfg = Debug|Any CPU
		{F757CF16-A050-4561-AB1C-0DE444608426}.Debug|x64.Build.0 = Debug|Any CPU
		{F757CF16-A050-4561-AB1C-0DE444608426}.Debug|x86.ActiveCfg = Debug|Any CPU
		{F757CF16-A050-4561-AB1C-0DE444608426}.Debug|x86.Build.0 = Debug|Any CPU
		{F757CF16-A050-4561-AB1C-0DE444608426}.Release|Any CPU.ActiveCfg = Release|Any CPU
		{F757CF16-A050-4561-AB1C-0DE444608426}.Release|Any CPU.Build.0 = Release|Any CPU
		{F757CF16-A050-4561-AB1C-0DE444608426}.Release|ARM.ActiveCfg = Release|Any CPU
		{F757CF16-A050-4561-AB1C-0DE444608426}.Release|ARM.Build.0 = Release|Any CPU
		{F757CF16-A050-4561-AB1C-0DE444608426}.Release|iPhone.ActiveCfg = Release|Any CPU
		{F757CF16-A050-4561-AB1C-0DE444608426}.Release|iPhone.Build.0 = Release|Any CPU
		{F757CF16-A050-4561-AB1C-0DE444608426}.Release|iPhoneSimulator.ActiveCfg = Release|Any CPU
		{F757CF16-A050-4561-AB1C-0DE444608426}.Release|iPhoneSimulator.Build.0 = Release|Any CPU
		{F757CF16-A050-4561-AB1C-0DE444608426}.Release|x64.ActiveCfg = Release|Any CPU
		{F757CF16-A050-4561-AB1C-0DE444608426}.Release|x64.Build.0 = Release|Any CPU
		{F757CF16-A050-4561-AB1C-0DE444608426}.Release|x86.ActiveCfg = Release|Any CPU
		{F757CF16-A050-4561-AB1C-0DE444608426}.Release|x86.Build.0 = Release|Any CPU
		{6B2A6285-CD65-4348-9BE6-F3A1EE22D0C7}.Ad-Hoc|Any CPU.ActiveCfg = Release|Any CPU
		{6B2A6285-CD65-4348-9BE6-F3A1EE22D0C7}.Ad-Hoc|Any CPU.Build.0 = Release|Any CPU
		{6B2A6285-CD65-4348-9BE6-F3A1EE22D0C7}.Ad-Hoc|ARM.ActiveCfg = Release|Any CPU
		{6B2A6285-CD65-4348-9BE6-F3A1EE22D0C7}.Ad-Hoc|ARM.Build.0 = Release|Any CPU
		{6B2A6285-CD65-4348-9BE6-F3A1EE22D0C7}.Ad-Hoc|iPhone.ActiveCfg = Release|Any CPU
		{6B2A6285-CD65-4348-9BE6-F3A1EE22D0C7}.Ad-Hoc|iPhone.Build.0 = Release|Any CPU
		{6B2A6285-CD65-4348-9BE6-F3A1EE22D0C7}.Ad-Hoc|iPhoneSimulator.ActiveCfg = Release|Any CPU
		{6B2A6285-CD65-4348-9BE6-F3A1EE22D0C7}.Ad-Hoc|iPhoneSimulator.Build.0 = Release|Any CPU
		{6B2A6285-CD65-4348-9BE6-F3A1EE22D0C7}.Ad-Hoc|x64.ActiveCfg = Release|Any CPU
		{6B2A6285-CD65-4348-9BE6-F3A1EE22D0C7}.Ad-Hoc|x64.Build.0 = Release|Any CPU
		{6B2A6285-CD65-4348-9BE6-F3A1EE22D0C7}.Ad-Hoc|x86.ActiveCfg = Release|Any CPU
		{6B2A6285-CD65-4348-9BE6-F3A1EE22D0C7}.Ad-Hoc|x86.Build.0 = Release|Any CPU
		{6B2A6285-CD65-4348-9BE6-F3A1EE22D0C7}.AppStore|Any CPU.ActiveCfg = Release|Any CPU
		{6B2A6285-CD65-4348-9BE6-F3A1EE22D0C7}.AppStore|Any CPU.Build.0 = Release|Any CPU
		{6B2A6285-CD65-4348-9BE6-F3A1EE22D0C7}.AppStore|ARM.ActiveCfg = Release|Any CPU
		{6B2A6285-CD65-4348-9BE6-F3A1EE22D0C7}.AppStore|ARM.Build.0 = Release|Any CPU
		{6B2A6285-CD65-4348-9BE6-F3A1EE22D0C7}.AppStore|iPhone.ActiveCfg = Release|Any CPU
		{6B2A6285-CD65-4348-9BE6-F3A1EE22D0C7}.AppStore|iPhone.Build.0 = Release|Any CPU
		{6B2A6285-CD65-4348-9BE6-F3A1EE22D0C7}.AppStore|iPhoneSimulator.ActiveCfg = Release|Any CPU
		{6B2A6285-CD65-4348-9BE6-F3A1EE22D0C7}.AppStore|iPhoneSimulator.Build.0 = Release|Any CPU
		{6B2A6285-CD65-4348-9BE6-F3A1EE22D0C7}.AppStore|x64.ActiveCfg = Release|Any CPU
		{6B2A6285-CD65-4348-9BE6-F3A1EE22D0C7}.AppStore|x64.Build.0 = Release|Any CPU
		{6B2A6285-CD65-4348-9BE6-F3A1EE22D0C7}.AppStore|x86.ActiveCfg = Release|Any CPU
		{6B2A6285-CD65-4348-9BE6-F3A1EE22D0C7}.AppStore|x86.Build.0 = Release|Any CPU
		{6B2A6285-CD65-4348-9BE6-F3A1EE22D0C7}.Debug|Any CPU.ActiveCfg = Debug|Any CPU
		{6B2A6285-CD65-4348-9BE6-F3A1EE22D0C7}.Debug|Any CPU.Build.0 = Debug|Any CPU
		{6B2A6285-CD65-4348-9BE6-F3A1EE22D0C7}.Debug|ARM.ActiveCfg = Debug|Any CPU
		{6B2A6285-CD65-4348-9BE6-F3A1EE22D0C7}.Debug|ARM.Build.0 = Debug|Any CPU
		{6B2A6285-CD65-4348-9BE6-F3A1EE22D0C7}.Debug|iPhone.ActiveCfg = Debug|Any CPU
		{6B2A6285-CD65-4348-9BE6-F3A1EE22D0C7}.Debug|iPhone.Build.0 = Debug|Any CPU
		{6B2A6285-CD65-4348-9BE6-F3A1EE22D0C7}.Debug|iPhoneSimulator.ActiveCfg = Debug|Any CPU
		{6B2A6285-CD65-4348-9BE6-F3A1EE22D0C7}.Debug|iPhoneSimulator.Build.0 = Debug|Any CPU
		{6B2A6285-CD65-4348-9BE6-F3A1EE22D0C7}.Debug|x64.ActiveCfg = Debug|Any CPU
		{6B2A6285-CD65-4348-9BE6-F3A1EE22D0C7}.Debug|x64.Build.0 = Debug|Any CPU
		{6B2A6285-CD65-4348-9BE6-F3A1EE22D0C7}.Debug|x86.ActiveCfg = Debug|Any CPU
		{6B2A6285-CD65-4348-9BE6-F3A1EE22D0C7}.Debug|x86.Build.0 = Debug|Any CPU
		{6B2A6285-CD65-4348-9BE6-F3A1EE22D0C7}.Release|Any CPU.ActiveCfg = Release|Any CPU
		{6B2A6285-CD65-4348-9BE6-F3A1EE22D0C7}.Release|Any CPU.Build.0 = Release|Any CPU
		{6B2A6285-CD65-4348-9BE6-F3A1EE22D0C7}.Release|ARM.ActiveCfg = Release|Any CPU
		{6B2A6285-CD65-4348-9BE6-F3A1EE22D0C7}.Release|ARM.Build.0 = Release|Any CPU
		{6B2A6285-CD65-4348-9BE6-F3A1EE22D0C7}.Release|iPhone.ActiveCfg = Release|Any CPU
		{6B2A6285-CD65-4348-9BE6-F3A1EE22D0C7}.Release|iPhone.Build.0 = Release|Any CPU
		{6B2A6285-CD65-4348-9BE6-F3A1EE22D0C7}.Release|iPhoneSimulator.ActiveCfg = Release|Any CPU
		{6B2A6285-CD65-4348-9BE6-F3A1EE22D0C7}.Release|iPhoneSimulator.Build.0 = Release|Any CPU
		{6B2A6285-CD65-4348-9BE6-F3A1EE22D0C7}.Release|x64.ActiveCfg = Release|Any CPU
		{6B2A6285-CD65-4348-9BE6-F3A1EE22D0C7}.Release|x64.Build.0 = Release|Any CPU
		{6B2A6285-CD65-4348-9BE6-F3A1EE22D0C7}.Release|x86.ActiveCfg = Release|Any CPU
		{6B2A6285-CD65-4348-9BE6-F3A1EE22D0C7}.Release|x86.Build.0 = Release|Any CPU
		{500676BC-5F97-4DA6-AFCC-61EDB289A473}.Ad-Hoc|Any CPU.ActiveCfg = Release|Any CPU
		{500676BC-5F97-4DA6-AFCC-61EDB289A473}.Ad-Hoc|Any CPU.Build.0 = Release|Any CPU
		{500676BC-5F97-4DA6-AFCC-61EDB289A473}.Ad-Hoc|ARM.ActiveCfg = Release|Any CPU
		{500676BC-5F97-4DA6-AFCC-61EDB289A473}.Ad-Hoc|ARM.Build.0 = Release|Any CPU
		{500676BC-5F97-4DA6-AFCC-61EDB289A473}.Ad-Hoc|iPhone.ActiveCfg = Release|Any CPU
		{500676BC-5F97-4DA6-AFCC-61EDB289A473}.Ad-Hoc|iPhone.Build.0 = Release|Any CPU
		{500676BC-5F97-4DA6-AFCC-61EDB289A473}.Ad-Hoc|iPhoneSimulator.ActiveCfg = Release|Any CPU
		{500676BC-5F97-4DA6-AFCC-61EDB289A473}.Ad-Hoc|iPhoneSimulator.Build.0 = Release|Any CPU
		{500676BC-5F97-4DA6-AFCC-61EDB289A473}.Ad-Hoc|x64.ActiveCfg = Release|Any CPU
		{500676BC-5F97-4DA6-AFCC-61EDB289A473}.Ad-Hoc|x64.Build.0 = Release|Any CPU
		{500676BC-5F97-4DA6-AFCC-61EDB289A473}.Ad-Hoc|x86.ActiveCfg = Release|Any CPU
		{500676BC-5F97-4DA6-AFCC-61EDB289A473}.Ad-Hoc|x86.Build.0 = Release|Any CPU
		{500676BC-5F97-4DA6-AFCC-61EDB289A473}.AppStore|Any CPU.ActiveCfg = Release|Any CPU
		{500676BC-5F97-4DA6-AFCC-61EDB289A473}.AppStore|Any CPU.Build.0 = Release|Any CPU
		{500676BC-5F97-4DA6-AFCC-61EDB289A473}.AppStore|ARM.ActiveCfg = Release|Any CPU
		{500676BC-5F97-4DA6-AFCC-61EDB289A473}.AppStore|ARM.Build.0 = Release|Any CPU
		{500676BC-5F97-4DA6-AFCC-61EDB289A473}.AppStore|iPhone.ActiveCfg = Release|Any CPU
		{500676BC-5F97-4DA6-AFCC-61EDB289A473}.AppStore|iPhone.Build.0 = Release|Any CPU
		{500676BC-5F97-4DA6-AFCC-61EDB289A473}.AppStore|iPhoneSimulator.ActiveCfg = Release|Any CPU
		{500676BC-5F97-4DA6-AFCC-61EDB289A473}.AppStore|iPhoneSimulator.Build.0 = Release|Any CPU
		{500676BC-5F97-4DA6-AFCC-61EDB289A473}.AppStore|x64.ActiveCfg = Release|Any CPU
		{500676BC-5F97-4DA6-AFCC-61EDB289A473}.AppStore|x64.Build.0 = Release|Any CPU
		{500676BC-5F97-4DA6-AFCC-61EDB289A473}.AppStore|x86.ActiveCfg = Release|Any CPU
		{500676BC-5F97-4DA6-AFCC-61EDB289A473}.AppStore|x86.Build.0 = Release|Any CPU
		{500676BC-5F97-4DA6-AFCC-61EDB289A473}.Debug|Any CPU.ActiveCfg = Debug|Any CPU
		{500676BC-5F97-4DA6-AFCC-61EDB289A473}.Debug|Any CPU.Build.0 = Debug|Any CPU
		{500676BC-5F97-4DA6-AFCC-61EDB289A473}.Debug|ARM.ActiveCfg = Debug|Any CPU
		{500676BC-5F97-4DA6-AFCC-61EDB289A473}.Debug|ARM.Build.0 = Debug|Any CPU
		{500676BC-5F97-4DA6-AFCC-61EDB289A473}.Debug|iPhone.ActiveCfg = Debug|Any CPU
		{500676BC-5F97-4DA6-AFCC-61EDB289A473}.Debug|iPhone.Build.0 = Debug|Any CPU
		{500676BC-5F97-4DA6-AFCC-61EDB289A473}.Debug|iPhoneSimulator.ActiveCfg = Debug|Any CPU
		{500676BC-5F97-4DA6-AFCC-61EDB289A473}.Debug|iPhoneSimulator.Build.0 = Debug|Any CPU
		{500676BC-5F97-4DA6-AFCC-61EDB289A473}.Debug|x64.ActiveCfg = Debug|Any CPU
		{500676BC-5F97-4DA6-AFCC-61EDB289A473}.Debug|x64.Build.0 = Debug|Any CPU
		{500676BC-5F97-4DA6-AFCC-61EDB289A473}.Debug|x86.ActiveCfg = Debug|Any CPU
		{500676BC-5F97-4DA6-AFCC-61EDB289A473}.Debug|x86.Build.0 = Debug|Any CPU
		{500676BC-5F97-4DA6-AFCC-61EDB289A473}.Release|Any CPU.ActiveCfg = Release|Any CPU
		{500676BC-5F97-4DA6-AFCC-61EDB289A473}.Release|Any CPU.Build.0 = Release|Any CPU
		{500676BC-5F97-4DA6-AFCC-61EDB289A473}.Release|ARM.ActiveCfg = Release|Any CPU
		{500676BC-5F97-4DA6-AFCC-61EDB289A473}.Release|ARM.Build.0 = Release|Any CPU
		{500676BC-5F97-4DA6-AFCC-61EDB289A473}.Release|iPhone.ActiveCfg = Release|Any CPU
		{500676BC-5F97-4DA6-AFCC-61EDB289A473}.Release|iPhone.Build.0 = Release|Any CPU
		{500676BC-5F97-4DA6-AFCC-61EDB289A473}.Release|iPhoneSimulator.ActiveCfg = Release|Any CPU
		{500676BC-5F97-4DA6-AFCC-61EDB289A473}.Release|iPhoneSimulator.Build.0 = Release|Any CPU
		{500676BC-5F97-4DA6-AFCC-61EDB289A473}.Release|x64.ActiveCfg = Release|Any CPU
		{500676BC-5F97-4DA6-AFCC-61EDB289A473}.Release|x64.Build.0 = Release|Any CPU
		{500676BC-5F97-4DA6-AFCC-61EDB289A473}.Release|x86.ActiveCfg = Release|Any CPU
		{500676BC-5F97-4DA6-AFCC-61EDB289A473}.Release|x86.Build.0 = Release|Any CPU
		{BA387016-738E-43D7-AE6F-F63CEB637060}.Ad-Hoc|Any CPU.ActiveCfg = Release|Any CPU
		{BA387016-738E-43D7-AE6F-F63CEB637060}.Ad-Hoc|Any CPU.Build.0 = Release|Any CPU
		{BA387016-738E-43D7-AE6F-F63CEB637060}.Ad-Hoc|ARM.ActiveCfg = Release|Any CPU
		{BA387016-738E-43D7-AE6F-F63CEB637060}.Ad-Hoc|ARM.Build.0 = Release|Any CPU
		{BA387016-738E-43D7-AE6F-F63CEB637060}.Ad-Hoc|iPhone.ActiveCfg = Release|Any CPU
		{BA387016-738E-43D7-AE6F-F63CEB637060}.Ad-Hoc|iPhone.Build.0 = Release|Any CPU
		{BA387016-738E-43D7-AE6F-F63CEB637060}.Ad-Hoc|iPhoneSimulator.ActiveCfg = Release|Any CPU
		{BA387016-738E-43D7-AE6F-F63CEB637060}.Ad-Hoc|iPhoneSimulator.Build.0 = Release|Any CPU
		{BA387016-738E-43D7-AE6F-F63CEB637060}.Ad-Hoc|x64.ActiveCfg = Release|Any CPU
		{BA387016-738E-43D7-AE6F-F63CEB637060}.Ad-Hoc|x64.Build.0 = Release|Any CPU
		{BA387016-738E-43D7-AE6F-F63CEB637060}.Ad-Hoc|x86.ActiveCfg = Release|Any CPU
		{BA387016-738E-43D7-AE6F-F63CEB637060}.Ad-Hoc|x86.Build.0 = Release|Any CPU
		{BA387016-738E-43D7-AE6F-F63CEB637060}.AppStore|Any CPU.ActiveCfg = Release|Any CPU
		{BA387016-738E-43D7-AE6F-F63CEB637060}.AppStore|Any CPU.Build.0 = Release|Any CPU
		{BA387016-738E-43D7-AE6F-F63CEB637060}.AppStore|ARM.ActiveCfg = Release|Any CPU
		{BA387016-738E-43D7-AE6F-F63CEB637060}.AppStore|ARM.Build.0 = Release|Any CPU
		{BA387016-738E-43D7-AE6F-F63CEB637060}.AppStore|iPhone.ActiveCfg = Release|Any CPU
		{BA387016-738E-43D7-AE6F-F63CEB637060}.AppStore|iPhone.Build.0 = Release|Any CPU
		{BA387016-738E-43D7-AE6F-F63CEB637060}.AppStore|iPhoneSimulator.ActiveCfg = Release|Any CPU
		{BA387016-738E-43D7-AE6F-F63CEB637060}.AppStore|iPhoneSimulator.Build.0 = Release|Any CPU
		{BA387016-738E-43D7-AE6F-F63CEB637060}.AppStore|x64.ActiveCfg = Release|Any CPU
		{BA387016-738E-43D7-AE6F-F63CEB637060}.AppStore|x64.Build.0 = Release|Any CPU
		{BA387016-738E-43D7-AE6F-F63CEB637060}.AppStore|x86.ActiveCfg = Release|Any CPU
		{BA387016-738E-43D7-AE6F-F63CEB637060}.AppStore|x86.Build.0 = Release|Any CPU
		{BA387016-738E-43D7-AE6F-F63CEB637060}.Debug|Any CPU.ActiveCfg = Debug|Any CPU
		{BA387016-738E-43D7-AE6F-F63CEB637060}.Debug|Any CPU.Build.0 = Debug|Any CPU
		{BA387016-738E-43D7-AE6F-F63CEB637060}.Debug|ARM.ActiveCfg = Debug|Any CPU
		{BA387016-738E-43D7-AE6F-F63CEB637060}.Debug|ARM.Build.0 = Debug|Any CPU
		{BA387016-738E-43D7-AE6F-F63CEB637060}.Debug|iPhone.ActiveCfg = Debug|Any CPU
		{BA387016-738E-43D7-AE6F-F63CEB637060}.Debug|iPhone.Build.0 = Debug|Any CPU
		{BA387016-738E-43D7-AE6F-F63CEB637060}.Debug|iPhoneSimulator.ActiveCfg = Debug|Any CPU
		{BA387016-738E-43D7-AE6F-F63CEB637060}.Debug|iPhoneSimulator.Build.0 = Debug|Any CPU
		{BA387016-738E-43D7-AE6F-F63CEB637060}.Debug|x64.ActiveCfg = Debug|Any CPU
		{BA387016-738E-43D7-AE6F-F63CEB637060}.Debug|x64.Build.0 = Debug|Any CPU
		{BA387016-738E-43D7-AE6F-F63CEB637060}.Debug|x86.ActiveCfg = Debug|Any CPU
		{BA387016-738E-43D7-AE6F-F63CEB637060}.Debug|x86.Build.0 = Debug|Any CPU
		{BA387016-738E-43D7-AE6F-F63CEB637060}.Release|Any CPU.ActiveCfg = Release|Any CPU
		{BA387016-738E-43D7-AE6F-F63CEB637060}.Release|Any CPU.Build.0 = Release|Any CPU
		{BA387016-738E-43D7-AE6F-F63CEB637060}.Release|ARM.ActiveCfg = Release|Any CPU
		{BA387016-738E-43D7-AE6F-F63CEB637060}.Release|ARM.Build.0 = Release|Any CPU
		{BA387016-738E-43D7-AE6F-F63CEB637060}.Release|iPhone.ActiveCfg = Release|Any CPU
		{BA387016-738E-43D7-AE6F-F63CEB637060}.Release|iPhone.Build.0 = Release|Any CPU
		{BA387016-738E-43D7-AE6F-F63CEB637060}.Release|iPhoneSimulator.ActiveCfg = Release|Any CPU
		{BA387016-738E-43D7-AE6F-F63CEB637060}.Release|iPhoneSimulator.Build.0 = Release|Any CPU
		{BA387016-738E-43D7-AE6F-F63CEB637060}.Release|x64.ActiveCfg = Release|Any CPU
		{BA387016-738E-43D7-AE6F-F63CEB637060}.Release|x64.Build.0 = Release|Any CPU
		{BA387016-738E-43D7-AE6F-F63CEB637060}.Release|x86.ActiveCfg = Release|Any CPU
		{BA387016-738E-43D7-AE6F-F63CEB637060}.Release|x86.Build.0 = Release|Any CPU
		{9E523EFB-E125-4167-B95D-0FAF62AD9EE4}.Ad-Hoc|Any CPU.ActiveCfg = Release|Any CPU
		{9E523EFB-E125-4167-B95D-0FAF62AD9EE4}.Ad-Hoc|Any CPU.Build.0 = Release|Any CPU
		{9E523EFB-E125-4167-B95D-0FAF62AD9EE4}.Ad-Hoc|ARM.ActiveCfg = Release|Any CPU
		{9E523EFB-E125-4167-B95D-0FAF62AD9EE4}.Ad-Hoc|ARM.Build.0 = Release|Any CPU
		{9E523EFB-E125-4167-B95D-0FAF62AD9EE4}.Ad-Hoc|iPhone.ActiveCfg = Release|Any CPU
		{9E523EFB-E125-4167-B95D-0FAF62AD9EE4}.Ad-Hoc|iPhone.Build.0 = Release|Any CPU
		{9E523EFB-E125-4167-B95D-0FAF62AD9EE4}.Ad-Hoc|iPhoneSimulator.ActiveCfg = Release|Any CPU
		{9E523EFB-E125-4167-B95D-0FAF62AD9EE4}.Ad-Hoc|iPhoneSimulator.Build.0 = Release|Any CPU
		{9E523EFB-E125-4167-B95D-0FAF62AD9EE4}.Ad-Hoc|x64.ActiveCfg = Release|Any CPU
		{9E523EFB-E125-4167-B95D-0FAF62AD9EE4}.Ad-Hoc|x64.Build.0 = Release|Any CPU
		{9E523EFB-E125-4167-B95D-0FAF62AD9EE4}.Ad-Hoc|x86.ActiveCfg = Release|Any CPU
		{9E523EFB-E125-4167-B95D-0FAF62AD9EE4}.Ad-Hoc|x86.Build.0 = Release|Any CPU
		{9E523EFB-E125-4167-B95D-0FAF62AD9EE4}.AppStore|Any CPU.ActiveCfg = Release|Any CPU
		{9E523EFB-E125-4167-B95D-0FAF62AD9EE4}.AppStore|Any CPU.Build.0 = Release|Any CPU
		{9E523EFB-E125-4167-B95D-0FAF62AD9EE4}.AppStore|ARM.ActiveCfg = Release|Any CPU
		{9E523EFB-E125-4167-B95D-0FAF62AD9EE4}.AppStore|ARM.Build.0 = Release|Any CPU
		{9E523EFB-E125-4167-B95D-0FAF62AD9EE4}.AppStore|iPhone.ActiveCfg = Release|Any CPU
		{9E523EFB-E125-4167-B95D-0FAF62AD9EE4}.AppStore|iPhone.Build.0 = Release|Any CPU
		{9E523EFB-E125-4167-B95D-0FAF62AD9EE4}.AppStore|iPhoneSimulator.ActiveCfg = Release|Any CPU
		{9E523EFB-E125-4167-B95D-0FAF62AD9EE4}.AppStore|iPhoneSimulator.Build.0 = Release|Any CPU
		{9E523EFB-E125-4167-B95D-0FAF62AD9EE4}.AppStore|x64.ActiveCfg = Release|Any CPU
		{9E523EFB-E125-4167-B95D-0FAF62AD9EE4}.AppStore|x64.Build.0 = Release|Any CPU
		{9E523EFB-E125-4167-B95D-0FAF62AD9EE4}.AppStore|x86.ActiveCfg = Release|Any CPU
		{9E523EFB-E125-4167-B95D-0FAF62AD9EE4}.AppStore|x86.Build.0 = Release|Any CPU
		{9E523EFB-E125-4167-B95D-0FAF62AD9EE4}.Debug|Any CPU.ActiveCfg = Debug|Any CPU
		{9E523EFB-E125-4167-B95D-0FAF62AD9EE4}.Debug|Any CPU.Build.0 = Debug|Any CPU
		{9E523EFB-E125-4167-B95D-0FAF62AD9EE4}.Debug|ARM.ActiveCfg = Debug|Any CPU
		{9E523EFB-E125-4167-B95D-0FAF62AD9EE4}.Debug|ARM.Build.0 = Debug|Any CPU
		{9E523EFB-E125-4167-B95D-0FAF62AD9EE4}.Debug|iPhone.ActiveCfg = Debug|Any CPU
		{9E523EFB-E125-4167-B95D-0FAF62AD9EE4}.Debug|iPhone.Build.0 = Debug|Any CPU
		{9E523EFB-E125-4167-B95D-0FAF62AD9EE4}.Debug|iPhoneSimulator.ActiveCfg = Debug|Any CPU
		{9E523EFB-E125-4167-B95D-0FAF62AD9EE4}.Debug|iPhoneSimulator.Build.0 = Debug|Any CPU
		{9E523EFB-E125-4167-B95D-0FAF62AD9EE4}.Debug|x64.ActiveCfg = Debug|Any CPU
		{9E523EFB-E125-4167-B95D-0FAF62AD9EE4}.Debug|x64.Build.0 = Debug|Any CPU
		{9E523EFB-E125-4167-B95D-0FAF62AD9EE4}.Debug|x86.ActiveCfg = Debug|Any CPU
		{9E523EFB-E125-4167-B95D-0FAF62AD9EE4}.Debug|x86.Build.0 = Debug|Any CPU
		{9E523EFB-E125-4167-B95D-0FAF62AD9EE4}.Release|Any CPU.ActiveCfg = Release|Any CPU
		{9E523EFB-E125-4167-B95D-0FAF62AD9EE4}.Release|Any CPU.Build.0 = Release|Any CPU
		{9E523EFB-E125-4167-B95D-0FAF62AD9EE4}.Release|ARM.ActiveCfg = Release|Any CPU
		{9E523EFB-E125-4167-B95D-0FAF62AD9EE4}.Release|ARM.Build.0 = Release|Any CPU
		{9E523EFB-E125-4167-B95D-0FAF62AD9EE4}.Release|iPhone.ActiveCfg = Release|Any CPU
		{9E523EFB-E125-4167-B95D-0FAF62AD9EE4}.Release|iPhone.Build.0 = Release|Any CPU
		{9E523EFB-E125-4167-B95D-0FAF62AD9EE4}.Release|iPhoneSimulator.ActiveCfg = Release|Any CPU
		{9E523EFB-E125-4167-B95D-0FAF62AD9EE4}.Release|iPhoneSimulator.Build.0 = Release|Any CPU
		{9E523EFB-E125-4167-B95D-0FAF62AD9EE4}.Release|x64.ActiveCfg = Release|Any CPU
		{9E523EFB-E125-4167-B95D-0FAF62AD9EE4}.Release|x64.Build.0 = Release|Any CPU
		{9E523EFB-E125-4167-B95D-0FAF62AD9EE4}.Release|x86.ActiveCfg = Release|Any CPU
		{9E523EFB-E125-4167-B95D-0FAF62AD9EE4}.Release|x86.Build.0 = Release|Any CPU
	EndGlobalSection
	GlobalSection(SolutionProperties) = preSolution
		HideSolutionNode = FALSE
	EndGlobalSection
	GlobalSection(ExtensibilityGlobals) = postSolution
		SolutionGuid = {7149DCE2-B552-47CC-879F-C1839CF153F2}
	EndGlobalSection
EndGlobal
